
Microsoft Visual Studio Solution File, Format Version 12.00
# Visual Studio Version 17
VisualStudioVersion = 17.8.34322.80
MinimumVisualStudioVersion = 10.0.40219.1
Project("{FAE04EC0-301F-11D3-BF4B-00C04F79EFBC}") = "Interfaces", "Interfaces\Interfaces.csproj", "{7CE979EA-5624-4DB2-9CBE-CF23F52DF9D0}"
EndProject
Global
	GlobalSection(SolutionConfigurationPlatforms) = preSolution
		Debug|Any CPU = Debug|Any CPU
		Release|Any CPU = Release|Any CPU
	EndGlobalSection
	GlobalSection(ProjectConfigurationPlatforms) = postSolution
		{7CE979EA-5624-4DB2-9CBE-CF23F52DF9D0}.Debug|Any CPU.ActiveCfg = Debug|Any CPU
		{7CE979EA-5624-4DB2-9CBE-CF23F52DF9D0}.Debug|Any CPU.Build.0 = Debug|Any CPU
		{7CE979EA-5624-4DB2-9CBE-CF23F52DF9D0}.Release|Any CPU.ActiveCfg = Release|Any CPU
		{7CE979EA-5624-4DB2-9CBE-CF23F52DF9D0}.Release|Any CPU.Build.0 = Release|Any CPU
	EndGlobalSection
	GlobalSection(SolutionProperties) = preSolution
		HideSolutionNode = FALSE
	EndGlobalSection
	GlobalSection(ExtensibilityGlobals) = postSolution
		SolutionGuid = {A5063939-F727-4218-9317-3C56B87A41A1}
	EndGlobalSection
EndGlobal
