
Microsoft Visual Studio Solution File, Format Version 12.00
# Visual Studio Version 17
VisualStudioVersion = 17.8.34322.80
MinimumVisualStudioVersion = 10.0.40219.1
Project("{FAE04EC0-301F-11D3-BF4B-00C04F79EFBC}") = "areaDeUmCirculo", "areaDeUmCirculo\areaDeUmCirculo.csproj", "{1ACA110D-ACE5-4EC9-81F9-7BBC6E676917}"
EndProject
Global
	GlobalSection(SolutionConfigurationPlatforms) = preSolution
		Debug|Any CPU = Debug|Any CPU
		Release|Any CPU = Release|Any CPU
	EndGlobalSection
	GlobalSection(ProjectConfigurationPlatforms) = postSolution
		{1ACA110D-ACE5-4EC9-81F9-7BBC6E676917}.Debug|Any CPU.ActiveCfg = Debug|Any CPU
		{1ACA110D-ACE5-4EC9-81F9-7BBC6E676917}.Debug|Any CPU.Build.0 = Debug|Any CPU
		{1ACA110D-ACE5-4EC9-81F9-7BBC6E676917}.Release|Any CPU.ActiveCfg = Release|Any CPU
		{1ACA110D-ACE5-4EC9-81F9-7BBC6E676917}.Release|Any CPU.Build.0 = Release|Any CPU
	EndGlobalSection
	GlobalSection(SolutionProperties) = preSolution
		HideSolutionNode = FALSE
	EndGlobalSection
	GlobalSection(ExtensibilityGlobals) = postSolution
		SolutionGuid = {15FE4AAA-BC25-41BA-A951-0AA9E39778B6}
	EndGlobalSection
EndGlobal
