
Microsoft Visual Studio Solution File, Format Version 12.00
# Visual Studio Version 17
VisualStudioVersion = 17.8.34322.80
MinimumVisualStudioVersion = 10.0.40219.1
Project("{FAE04EC0-301F-11D3-BF4B-00C04F79EFBC}") = "UsandoArrays", "UsandoArrays\UsandoArrays.csproj", "{82E66D55-04B8-46AA-8132-ABA9CD434535}"
EndProject
Global
	GlobalSection(SolutionConfigurationPlatforms) = preSolution
		Debug|Any CPU = Debug|Any CPU
		Release|Any CPU = Release|Any CPU
	EndGlobalSection
	GlobalSection(ProjectConfigurationPlatforms) = postSolution
		{82E66D55-04B8-46AA-8132-ABA9CD434535}.Debug|Any CPU.ActiveCfg = Debug|Any CPU
		{82E66D55-04B8-46AA-8132-ABA9CD434535}.Debug|Any CPU.Build.0 = Debug|Any CPU
		{82E66D55-04B8-46AA-8132-ABA9CD434535}.Release|Any CPU.ActiveCfg = Release|Any CPU
		{82E66D55-04B8-46AA-8132-ABA9CD434535}.Release|Any CPU.Build.0 = Release|Any CPU
	EndGlobalSection
	GlobalSection(SolutionProperties) = preSolution
		HideSolutionNode = FALSE
	EndGlobalSection
	GlobalSection(ExtensibilityGlobals) = postSolution
		SolutionGuid = {ED6F150F-5A81-4D67-AAA5-289E61CB30E7}
	EndGlobalSection
EndGlobal
