
Microsoft Visual Studio Solution File, Format Version 12.00
# Visual Studio Version 17
VisualStudioVersion = 17.8.34322.80
MinimumVisualStudioVersion = 10.0.40219.1
Project("{FAE04EC0-301F-11D3-BF4B-00C04F79EFBC}") = "Variaveis", "Variaveis\Variaveis.csproj", "{0AEB4D56-4D70-472E-9445-2414410D66FC}"
EndProject
Global
	GlobalSection(SolutionConfigurationPlatforms) = preSolution
		Debug|Any CPU = Debug|Any CPU
		Release|Any CPU = Release|Any CPU
	EndGlobalSection
	GlobalSection(ProjectConfigurationPlatforms) = postSolution
		{0AEB4D56-4D70-472E-9445-2414410D66FC}.Debug|Any CPU.ActiveCfg = Debug|Any CPU
		{0AEB4D56-4D70-472E-9445-2414410D66FC}.Debug|Any CPU.Build.0 = Debug|Any CPU
		{0AEB4D56-4D70-472E-9445-2414410D66FC}.Release|Any CPU.ActiveCfg = Release|Any CPU
		{0AEB4D56-4D70-472E-9445-2414410D66FC}.Release|Any CPU.Build.0 = Release|Any CPU
	EndGlobalSection
	GlobalSection(SolutionProperties) = preSolution
		HideSolutionNode = FALSE
	EndGlobalSection
	GlobalSection(ExtensibilityGlobals) = postSolution
		SolutionGuid = {77991AFA-95BA-4F12-8AA7-6F17A044730D}
	EndGlobalSection
EndGlobal
