
Microsoft Visual Studio Solution File, Format Version 12.00
# Visual Studio Version 17
VisualStudioVersion = 17.8.34322.80
MinimumVisualStudioVersion = 10.0.40219.1
Project("{FAE04EC0-301F-11D3-BF4B-00C04F79EFBC}") = "idadesIF", "idadesIF\idadesIF.csproj", "{9C995F06-35F9-44CC-BA42-932BC7E47CF6}"
EndProject
Global
	GlobalSection(SolutionConfigurationPlatforms) = preSolution
		Debug|Any CPU = Debug|Any CPU
		Release|Any CPU = Release|Any CPU
	EndGlobalSection
	GlobalSection(ProjectConfigurationPlatforms) = postSolution
		{9C995F06-35F9-44CC-BA42-932BC7E47CF6}.Debug|Any CPU.ActiveCfg = Debug|Any CPU
		{9C995F06-35F9-44CC-BA42-932BC7E47CF6}.Debug|Any CPU.Build.0 = Debug|Any CPU
		{9C995F06-35F9-44CC-BA42-932BC7E47CF6}.Release|Any CPU.ActiveCfg = Release|Any CPU
		{9C995F06-35F9-44CC-BA42-932BC7E47CF6}.Release|Any CPU.Build.0 = Release|Any CPU
	EndGlobalSection
	GlobalSection(SolutionProperties) = preSolution
		HideSolutionNode = FALSE
	EndGlobalSection
	GlobalSection(ExtensibilityGlobals) = postSolution
		SolutionGuid = {E77DF591-0B18-4B5E-9516-B5F5FA4C7362}
	EndGlobalSection
EndGlobal
