
Microsoft Visual Studio Solution File, Format Version 12.00
# Visual Studio Version 17
VisualStudioVersion = 17.8.34322.80
MinimumVisualStudioVersion = 10.0.40219.1
Project("{FAE04EC0-301F-11D3-BF4B-00C04F79EFBC}") = "AtividadePOOHeranca", "AtividadePOOHeranca\AtividadePOOHeranca.csproj", "{93EB563B-C343-4812-8079-42A36294D80E}"
EndProject
Global
	GlobalSection(SolutionConfigurationPlatforms) = preSolution
		Debug|Any CPU = Debug|Any CPU
		Release|Any CPU = Release|Any CPU
	EndGlobalSection
	GlobalSection(ProjectConfigurationPlatforms) = postSolution
		{93EB563B-C343-4812-8079-42A36294D80E}.Debug|Any CPU.ActiveCfg = Debug|Any CPU
		{93EB563B-C343-4812-8079-42A36294D80E}.Debug|Any CPU.Build.0 = Debug|Any CPU
		{93EB563B-C343-4812-8079-42A36294D80E}.Release|Any CPU.ActiveCfg = Release|Any CPU
		{93EB563B-C343-4812-8079-42A36294D80E}.Release|Any CPU.Build.0 = Release|Any CPU
	EndGlobalSection
	GlobalSection(SolutionProperties) = preSolution
		HideSolutionNode = FALSE
	EndGlobalSection
	GlobalSection(ExtensibilityGlobals) = postSolution
		SolutionGuid = {68490527-FAD1-4528-94DF-C1240A1B51AE}
	EndGlobalSection
EndGlobal
