
Microsoft Visual Studio Solution File, Format Version 12.00
# Visual Studio Version 17
VisualStudioVersion = 17.8.34322.80
MinimumVisualStudioVersion = 10.0.40219.1
Project("{FAE04EC0-301F-11D3-BF4B-00C04F79EFBC}") = "aula01", "aula01\aula01.csproj", "{1CDA78DB-BFCA-400B-8D8D-9088ACAACCFA}"
EndProject
Global
	GlobalSection(SolutionConfigurationPlatforms) = preSolution
		Debug|Any CPU = Debug|Any CPU
		Release|Any CPU = Release|Any CPU
	EndGlobalSection
	GlobalSection(ProjectConfigurationPlatforms) = postSolution
		{1CDA78DB-BFCA-400B-8D8D-9088ACAACCFA}.Debug|Any CPU.ActiveCfg = Debug|Any CPU
		{1CDA78DB-BFCA-400B-8D8D-9088ACAACCFA}.Debug|Any CPU.Build.0 = Debug|Any CPU
		{1CDA78DB-BFCA-400B-8D8D-9088ACAACCFA}.Release|Any CPU.ActiveCfg = Release|Any CPU
		{1CDA78DB-BFCA-400B-8D8D-9088ACAACCFA}.Release|Any CPU.Build.0 = Release|Any CPU
	EndGlobalSection
	GlobalSection(SolutionProperties) = preSolution
		HideSolutionNode = FALSE
	EndGlobalSection
	GlobalSection(ExtensibilityGlobals) = postSolution
		SolutionGuid = {0C81F7C7-AE1E-48AB-B3D7-E654148FD8AB}
	EndGlobalSection
EndGlobal
