
Microsoft Visual Studio Solution File, Format Version 12.00
# Visual Studio Version 17
VisualStudioVersion = 17.8.34322.80
MinimumVisualStudioVersion = 10.0.40219.1
Project("{FAE04EC0-301F-11D3-BF4B-00C04F79EFBC}") = "01 Generics", "01 Generics\01 Generics.csproj", "{126C79ED-1439-4BC1-9495-E5D8AB12C4FF}"
EndProject
Global
	GlobalSection(SolutionConfigurationPlatforms) = preSolution
		Debug|Any CPU = Debug|Any CPU
		Release|Any CPU = Release|Any CPU
	EndGlobalSection
	GlobalSection(ProjectConfigurationPlatforms) = postSolution
		{126C79ED-1439-4BC1-9495-E5D8AB12C4FF}.Debug|Any CPU.ActiveCfg = Debug|Any CPU
		{126C79ED-1439-4BC1-9495-E5D8AB12C4FF}.Debug|Any CPU.Build.0 = Debug|Any CPU
		{126C79ED-1439-4BC1-9495-E5D8AB12C4FF}.Release|Any CPU.ActiveCfg = Release|Any CPU
		{126C79ED-1439-4BC1-9495-E5D8AB12C4FF}.Release|Any CPU.Build.0 = Release|Any CPU
	EndGlobalSection
	GlobalSection(SolutionProperties) = preSolution
		HideSolutionNode = FALSE
	EndGlobalSection
	GlobalSection(ExtensibilityGlobals) = postSolution
		SolutionGuid = {1F98978D-F2C0-4723-A097-F037ED545CCF}
	EndGlobalSection
EndGlobal
