
Microsoft Visual Studio Solution File, Format Version 12.00
# Visual Studio Version 17
VisualStudioVersion = 17.8.34322.80
MinimumVisualStudioVersion = 10.0.40219.1
Project("{FAE04EC0-301F-11D3-BF4B-00C04F79EFBC}") = "projetoHeranca", "projetoHeranca\projetoHeranca.csproj", "{8F5BABF7-3590-4994-B1C3-CF83FC23271C}"
EndProject
Global
	GlobalSection(SolutionConfigurationPlatforms) = preSolution
		Debug|Any CPU = Debug|Any CPU
		Release|Any CPU = Release|Any CPU
	EndGlobalSection
	GlobalSection(ProjectConfigurationPlatforms) = postSolution
		{8F5BABF7-3590-4994-B1C3-CF83FC23271C}.Debug|Any CPU.ActiveCfg = Debug|Any CPU
		{8F5BABF7-3590-4994-B1C3-CF83FC23271C}.Debug|Any CPU.Build.0 = Debug|Any CPU
		{8F5BABF7-3590-4994-B1C3-CF83FC23271C}.Release|Any CPU.ActiveCfg = Release|Any CPU
		{8F5BABF7-3590-4994-B1C3-CF83FC23271C}.Release|Any CPU.Build.0 = Release|Any CPU
	EndGlobalSection
	GlobalSection(SolutionProperties) = preSolution
		HideSolutionNode = FALSE
	EndGlobalSection
	GlobalSection(ExtensibilityGlobals) = postSolution
		SolutionGuid = {C64B1E7E-7BD6-49EE-84B9-7137C0B5E47F}
	EndGlobalSection
EndGlobal
